
Microsoft Visual Studio Solution File, Format Version 12.00
# Visual Studio Version 17
VisualStudioVersion = 17.14.36429.23 d17.14
MinimumVisualStudioVersion = 10.0.40219.1
Project("{FAE04EC0-301F-11D3-BF4B-00C04F79EFBC}") = "Lab17_18_Task3", "Lab17_18_Task3.csproj", "{06E4045A-39AA-4EE2-93E0-D47202CDE71E}"
EndProject
Global
	GlobalSection(SolutionConfigurationPlatforms) = preSolution
		Debug|Any CPU = Debug|Any CPU
		Release|Any CPU = Release|Any CPU
	EndGlobalSection
	GlobalSection(ProjectConfigurationPlatforms) = postSolution
		{06E4045A-39AA-4EE2-93E0-D47202CDE71E}.Debug|Any CPU.ActiveCfg = Debug|Any CPU
		{06E4045A-39AA-4EE2-93E0-D47202CDE71E}.Debug|Any CPU.Build.0 = Debug|Any CPU
		{06E4045A-39AA-4EE2-93E0-D47202CDE71E}.Release|Any CPU.ActiveCfg = Release|Any CPU
		{06E4045A-39AA-4EE2-93E0-D47202CDE71E}.Release|Any CPU.Build.0 = Release|Any CPU
	EndGlobalSection
	GlobalSection(SolutionProperties) = preSolution
		HideSolutionNode = FALSE
	EndGlobalSection
	GlobalSection(ExtensibilityGlobals) = postSolution
		SolutionGuid = {6DAAD0C8-F92A-45E1-AB75-A43F9661869B}
	EndGlobalSection
EndGlobal
